
Microsoft Visual Studio Solution File, Format Version 12.00
# Visual Studio Version 17
VisualStudioVersion = 17.6.33829.357
MinimumVisualStudioVersion = 10.0.40219.1
Project("{FAE04EC0-301F-11D3-BF4B-00C04F79EFBC}") = "Stazione Meteo", "Stazione Meteo\Stazione Meteo.csproj", "{00784EF3-9516-4984-B416-6179D17F2CBC}"
EndProject
Global
	GlobalSection(SolutionConfigurationPlatforms) = preSolution
		Debug|Any CPU = Debug|Any CPU
		Release|Any CPU = Release|Any CPU
	EndGlobalSection
	GlobalSection(ProjectConfigurationPlatforms) = postSolution
		{00784EF3-9516-4984-B416-6179D17F2CBC}.Debug|Any CPU.ActiveCfg = Debug|Any CPU
		{00784EF3-9516-4984-B416-6179D17F2CBC}.Debug|Any CPU.Build.0 = Debug|Any CPU
		{00784EF3-9516-4984-B416-6179D17F2CBC}.Release|Any CPU.ActiveCfg = Release|Any CPU
		{00784EF3-9516-4984-B416-6179D17F2CBC}.Release|Any CPU.Build.0 = Release|Any CPU
	EndGlobalSection
	GlobalSection(SolutionProperties) = preSolution
		HideSolutionNode = FALSE
	EndGlobalSection
	GlobalSection(ExtensibilityGlobals) = postSolution
		SolutionGuid = {F7558A1B-3D33-4C8C-B68B-FA63AD167EEA}
	EndGlobalSection
EndGlobal
